{
  "name": "comqu",
  "version": "2.2.8",
  "lockfileVersion": 2,
  "requires": true,
  "packages": {
    "": {
      "name": "comqu",
      "version": "2.2.8",
      "license": "ISC",
      "dependencies": {
        "async-and-quick": "^1.0.2",
        "cli-spinners": "^2.7.0",
        "comqu": "^2.2.8",
        "lodash": "^4.17.21",
        "plsargs": "^0.1.6"
      }
    },
    "node_modules/async-and-quick": {
      "version": "1.0.2",
      "resolved": "https://registry.npmjs.org/async-and-quick/-/async-and-quick-1.0.2.tgz",
      "integrity": "sha512-xALyAv1NGiyfGaQ5TEGMrzPS6CfvC3ItelP0s6XgULZkYQKa66MjR9qTM0o+tJjNmDRr80WszKuUKjrrgC84lQ==",
      "dependencies": {
        "chillout": "^5.0.0"
      }
    },
    "node_modules/camel-case": {
      "version": "4.1.2",
      "resolved": "https://registry.npmjs.org/camel-case/-/camel-case-4.1.2.tgz",
      "integrity": "sha512-gxGWBrTT1JuMx6R+o5PTXMmUnhnVzLQ9SNutD4YqKtI6ap897t3tKECYla6gCWEkplXnlNybEkZg9GEGxKFCgw==",
      "dependencies": {
        "pascal-case": "^3.1.2",
        "tslib": "^2.0.3"
      }
    },
    "node_modules/chillout": {
      "version": "5.0.0",
      "resolved": "https://registry.npmjs.org/chillout/-/chillout-5.0.0.tgz",
      "integrity": "sha512-xCyFUOrkOVBSaZ1pKXUZcrKhMsPkWh4jWPa9rp4zE+wHE5h4NTO7z8K5rLhV989dtQatDOoMhTe9Vi2S96QEhQ==",
      "engines": {
        "node": ">=8.10.0"
      }
    },
    "node_modules/cli-spinners": {
      "version": "2.7.0",
      "resolved": "https://registry.npmjs.org/cli-spinners/-/cli-spinners-2.7.0.tgz",
      "integrity": "sha512-qu3pN8Y3qHNgE2AFweciB1IfMnmZ/fsNTEE+NOFjmGB2F/7rLhnhzppvpCnN4FovtP26k8lHyy9ptEbNwWFLzw==",
      "engines": {
        "node": ">=6"
      },
      "funding": {
        "url": "https://github.com/sponsors/sindresorhus"
      }
    },
    "node_modules/comqu": {
      "version": "2.2.8",
      "resolved": "https://registry.npmjs.org/comqu/-/comqu-2.2.8.tgz",
      "integrity": "sha512-u6CvGKPCYFAw7SnlsUM3bNyxBRnm48FWz4ngik8gh3LHlxuf2IPa+/s5owhG0aV3S/RFFKF43+RBpyV8cBz7lQ==",
      "dependencies": {
        "async-and-quick": "^1.0.2",
        "cli-spinners": "^2.7.0",
        "lodash": "^4.17.21",
        "plsargs": "^0.1.6"
      }
    },
    "node_modules/lodash": {
      "version": "4.17.21",
      "resolved": "https://registry.npmjs.org/lodash/-/lodash-4.17.21.tgz",
      "integrity": "sha512-v2kDEe57lecTulaDIuNTPy3Ry4gLGJ6Z1O3vE1krgXZNrsQ+LFTGHVxVjcXPs17LhbZVGedAJv8XZ1tvj5FvSg=="
    },
    "node_modules/lower-case": {
      "version": "2.0.2",
      "resolved": "https://registry.npmjs.org/lower-case/-/lower-case-2.0.2.tgz",
      "integrity": "sha512-7fm3l3NAF9WfN6W3JOmf5drwpVqX78JtoGJ3A6W0a6ZnldM41w2fV5D490psKFTpMds8TJse/eHLFFsNHHjHgg==",
      "dependencies": {
        "tslib": "^2.0.3"
      }
    },
    "node_modules/no-case": {
      "version": "3.0.4",
      "resolved": "https://registry.npmjs.org/no-case/-/no-case-3.0.4.tgz",
      "integrity": "sha512-fgAN3jGAh+RoxUGZHTSOLJIqUc2wmoBwGR4tbpNAKmmovFoWq0OdRkb0VkldReO2a2iBT/OEulG9XSUc10r3zg==",
      "dependencies": {
        "lower-case": "^2.0.2",
        "tslib": "^2.0.3"
      }
    },
    "node_modules/pascal-case": {
      "version": "3.1.2",
      "resolved": "https://registry.npmjs.org/pascal-case/-/pascal-case-3.1.2.tgz",
      "integrity": "sha512-uWlGT3YSnK9x3BQJaOdcZwrnV6hPpd8jFH1/ucpiLRPh/2zCVJKS19E4GvYHvaCcACn3foXZ0cLB9Wrx1KGe5g==",
      "dependencies": {
        "no-case": "^3.0.4",
        "tslib": "^2.0.3"
      }
    },
    "node_modules/plsargs": {
      "version": "0.1.6",
      "resolved": "https://registry.npmjs.org/plsargs/-/plsargs-0.1.6.tgz",
      "integrity": "sha512-WQz2xmuliJ8HtNsSKhEQf9dA148NZB0uWiCKKRssI24nHERXNU1kbj/wnN4JIoV1pXJe0O4mcteMy6eZczBA3A==",
      "dependencies": {
        "camel-case": "^4.1.2",
        "tslib": "^2.1.0"
      }
    },
    "node_modules/tslib": {
      "version": "2.4.0",
      "resolved": "https://registry.npmjs.org/tslib/-/tslib-2.4.0.tgz",
      "integrity": "sha512-d6xOpEDfsi2CZVlPQzGeux8XMwLT9hssAsaPYExaQMuYskwb+x1x7J371tWlbBdWHroy99KnVB6qIkUbs5X3UQ=="
    }
  },
  "dependencies": {
    "async-and-quick": {
      "version": "1.0.2",
      "resolved": "https://registry.npmjs.org/async-and-quick/-/async-and-quick-1.0.2.tgz",
      "integrity": "sha512-xALyAv1NGiyfGaQ5TEGMrzPS6CfvC3ItelP0s6XgULZkYQKa66MjR9qTM0o+tJjNmDRr80WszKuUKjrrgC84lQ==",
      "requires": {
        "chillout": "^5.0.0"
      }
    },
    "camel-case": {
      "version": "4.1.2",
      "resolved": "https://registry.npmjs.org/camel-case/-/camel-case-4.1.2.tgz",
      "integrity": "sha512-gxGWBrTT1JuMx6R+o5PTXMmUnhnVzLQ9SNutD4YqKtI6ap897t3tKECYla6gCWEkplXnlNybEkZg9GEGxKFCgw==",
      "requires": {
        "pascal-case": "^3.1.2",
        "tslib": "^2.0.3"
      }
    },
    "chillout": {
      "version": "5.0.0",
      "resolved": "https://registry.npmjs.org/chillout/-/chillout-5.0.0.tgz",
      "integrity": "sha512-xCyFUOrkOVBSaZ1pKXUZcrKhMsPkWh4jWPa9rp4zE+wHE5h4NTO7z8K5rLhV989dtQatDOoMhTe9Vi2S96QEhQ=="
    },
    "cli-spinners": {
      "version": "2.7.0",
      "resolved": "https://registry.npmjs.org/cli-spinners/-/cli-spinners-2.7.0.tgz",
      "integrity": "sha512-qu3pN8Y3qHNgE2AFweciB1IfMnmZ/fsNTEE+NOFjmGB2F/7rLhnhzppvpCnN4FovtP26k8lHyy9ptEbNwWFLzw=="
    },
    "comqu": {
      "version": "2.2.8",
      "resolved": "https://registry.npmjs.org/comqu/-/comqu-2.2.8.tgz",
      "integrity": "sha512-u6CvGKPCYFAw7SnlsUM3bNyxBRnm48FWz4ngik8gh3LHlxuf2IPa+/s5owhG0aV3S/RFFKF43+RBpyV8cBz7lQ==",
      "requires": {
        "async-and-quick": "^1.0.2",
        "cli-spinners": "^2.7.0",
        "lodash": "^4.17.21",
        "plsargs": "^0.1.6"
      }
    },
    "lodash": {
      "version": "4.17.21",
      "resolved": "https://registry.npmjs.org/lodash/-/lodash-4.17.21.tgz",
      "integrity": "sha512-v2kDEe57lecTulaDIuNTPy3Ry4gLGJ6Z1O3vE1krgXZNrsQ+LFTGHVxVjcXPs17LhbZVGedAJv8XZ1tvj5FvSg=="
    },
    "lower-case": {
      "version": "2.0.2",
      "resolved": "https://registry.npmjs.org/lower-case/-/lower-case-2.0.2.tgz",
      "integrity": "sha512-7fm3l3NAF9WfN6W3JOmf5drwpVqX78JtoGJ3A6W0a6ZnldM41w2fV5D490psKFTpMds8TJse/eHLFFsNHHjHgg==",
      "requires": {
        "tslib": "^2.0.3"
      }
    },
    "no-case": {
      "version": "3.0.4",
      "resolved": "https://registry.npmjs.org/no-case/-/no-case-3.0.4.tgz",
      "integrity": "sha512-fgAN3jGAh+RoxUGZHTSOLJIqUc2wmoBwGR4tbpNAKmmovFoWq0OdRkb0VkldReO2a2iBT/OEulG9XSUc10r3zg==",
      "requires": {
        "lower-case": "^2.0.2",
        "tslib": "^2.0.3"
      }
    },
    "pascal-case": {
      "version": "3.1.2",
      "resolved": "https://registry.npmjs.org/pascal-case/-/pascal-case-3.1.2.tgz",
      "integrity": "sha512-uWlGT3YSnK9x3BQJaOdcZwrnV6hPpd8jFH1/ucpiLRPh/2zCVJKS19E4GvYHvaCcACn3foXZ0cLB9Wrx1KGe5g==",
      "requires": {
        "no-case": "^3.0.4",
        "tslib": "^2.0.3"
      }
    },
    "plsargs": {
      "version": "0.1.6",
      "resolved": "https://registry.npmjs.org/plsargs/-/plsargs-0.1.6.tgz",
      "integrity": "sha512-WQz2xmuliJ8HtNsSKhEQf9dA148NZB0uWiCKKRssI24nHERXNU1kbj/wnN4JIoV1pXJe0O4mcteMy6eZczBA3A==",
      "requires": {
        "camel-case": "^4.1.2",
        "tslib": "^2.1.0"
      }
    },
    "tslib": {
      "version": "2.4.0",
      "resolved": "https://registry.npmjs.org/tslib/-/tslib-2.4.0.tgz",
      "integrity": "sha512-d6xOpEDfsi2CZVlPQzGeux8XMwLT9hssAsaPYExaQMuYskwb+x1x7J371tWlbBdWHroy99KnVB6qIkUbs5X3UQ=="
    }
  }
}
